// !$*UTF8*$!
{
	archiveVersion = 1;
	classes = {
	};
	objectVersion = 46;
	objects = {

/* Begin PBXBuildFile section */
		4A91D1D21EE5AF0600E5C0D2 /* AppDelegate.swift in Sources */ = {isa = PBXBuildFile; fileRef = 4A91D1D11EE5AF0600E5C0D2 /* AppDelegate.swift */; };
		4A91D1D41EE5AF0600E5C0D2 /* HomeViewController.swift in Sources */ = {isa = PBXBuildFile; fileRef = 4A91D1D31EE5AF0600E5C0D2 /* HomeViewController.swift */; };
		4A91D1D71EE5AF0600E5C0D2 /* Main.storyboard in Resources */ = {isa = PBXBuildFile; fileRef = 4A91D1D51EE5AF0600E5C0D2 /* Main.storyboard */; };
		4A91D1D91EE5AF0600E5C0D2 /* Assets.xcassets in Resources */ = {isa = PBXBuildFile; fileRef = 4A91D1D81EE5AF0600E5C0D2 /* Assets.xcassets */; };
		4A91D1DC1EE5AF0600E5C0D2 /* LaunchScreen.storyboard in Resources */ = {isa = PBXBuildFile; fileRef = 4A91D1DA1EE5AF0600E5C0D2 /* LaunchScreen.storyboard */; };
		4A91D1E51EE5B30000E5C0D2 /* MapKit.framework in Frameworks */ = {isa = PBXBuildFile; fileRef = 4A91D1E41EE5B30000E5C0D2 /* MapKit.framework */; };
		4A91D1E71EE5B44C00E5C0D2 /* WebViewController.swift in Sources */ = {isa = PBXBuildFile; fileRef = 4A91D1E61EE5B44C00E5C0D2 /* WebViewController.swift */; };
/* End PBXBuildFile section */

/* Begin PBXFileReference section */
		4A91D1CE1EE5AF0600E5C0D2 /* MoBike.app */ = {isa = PBXFileReference; explicitFileType = wrapper.application; includeInIndex = 0; path = MoBike.app; sourceTree = BUILT_PRODUCTS_DIR; };
		4A91D1D11EE5AF0600E5C0D2 /* AppDelegate.swift */ = {isa = PBXFileReference; lastKnownFileType = sourcecode.swift; path = AppDelegate.swift; sourceTree = "<group>"; };
		4A91D1D31EE5AF0600E5C0D2 /* HomeViewController.swift */ = {isa = PBXFileReference; lastKnownFileType = sourcecode.swift; path = HomeViewController.swift; sourceTree = "<group>"; };
		4A91D1D61EE5AF0600E5C0D2 /* Base */ = {isa = PBXFileReference; lastKnownFileType = file.storyboard; name = Base; path = Base.lproj/Main.storyboard; sourceTree = "<group>"; };
		4A91D1D81EE5AF0600E5C0D2 /* Assets.xcassets */ = {isa = PBXFileReference; lastKnownFileType = folder.assetcatalog; path = Assets.xcassets; sourceTree = "<group>"; };
		4A91D1DB1EE5AF0600E5C0D2 /* Base */ = {isa = PBXFileReference; lastKnownFileType = file.storyboard; name = Base; path = Base.lproj/LaunchScreen.storyboard; sourceTree = "<group>"; };
		4A91D1DD1EE5AF0600E5C0D2 /* Info.plist */ = {isa = PBXFileReference; lastKnownFileType = text.plist.xml; path = Info.plist; sourceTree = "<group>"; };
		4A91D1E41EE5B30000E5C0D2 /* MapKit.framework */ = {isa = PBXFileReference; lastKnownFileType = wrapper.framework; name = MapKit.framework; path = System/Library/Frameworks/MapKit.framework; sourceTree = SDKROOT; };
		4A91D1E61EE5B44C00E5C0D2 /* WebViewController.swift */ = {isa = PBXFileReference; fileEncoding = 4; lastKnownFileType = sourcecode.swift; path = WebViewController.swift; sourceTree = "<group>"; };
/* End PBXFileReference section */

/* Begin PBXFrameworksBuildPhase section */
		4A91D1CB1EE5AF0600E5C0D2 /* Frameworks */ = {
			isa = PBXFrameworksBuildPhase;
			buildActionMask = 2147483647;
			files = (
				4A91D1E51EE5B30000E5C0D2 /* MapKit.framework in Frameworks */,
			);
			runOnlyForDeploymentPostprocessing = 0;
		};
/* End PBXFrameworksBuildPhase section */

/* Begin PBXGroup section */
		4A91D1C51EE5AF0600E5C0D2 = {
			isa = PBXGroup;
			children = (
				4A91D1D01EE5AF0600E5C0D2 /* MoBike */,
				4A91D1CF1EE5AF0600E5C0D2 /* Products */,
				4A91D1E31EE5B30000E5C0D2 /* Frameworks */,
			);
			sourceTree = "<group>";
		};
		4A91D1CF1EE5AF0600E5C0D2 /* Products */ = {
			isa = PBXGroup;
			children = (
				4A91D1CE1EE5AF0600E5C0D2 /* MoBike.app */,
			);
			name = Products;
			sourceTree = "<group>";
		};
		4A91D1D01EE5AF0600E5C0D2 /* MoBike */ = {
			isa = PBXGroup;
			children = (
				4A91D1D11EE5AF0600E5C0D2 /* AppDelegate.swift */,
				4A91D1D31EE5AF0600E5C0D2 /* HomeViewController.swift */,
				4A91D1E61EE5B44C00E5C0D2 /* WebViewController.swift */,
				4A91D1D51EE5AF0600E5C0D2 /* Main.storyboard */,
				4A91D1D81EE5AF0600E5C0D2 /* Assets.xcassets */,
				4A91D1DA1EE5AF0600E5C0D2 /* LaunchScreen.storyboard */,
				4A91D1DD1EE5AF0600E5C0D2 /* Info.plist */,
			);
			path = MoBike;
			sourceTree = "<group>";
		};
		4A91D1E31EE5B30000E5C0D2 /* Frameworks */ = {
			isa = PBXGroup;
			children = (
				4A91D1E41EE5B30000E5C0D2 /* MapKit.framework */,
			);
			name = Frameworks;
			sourceTree = "<group>";
		};
/* End PBXGroup section */

/* Begin PBXNativeTarget section */
		4A91D1CD1EE5AF0600E5C0D2 /* MoBike */ = {
			isa = PBXNativeTarget;
			buildConfigurationList = 4A91D1E01EE5AF0600E5C0D2 /* Build configuration list for PBXNativeTarget "MoBike" */;
			buildPhases = (
				4A91D1CA1EE5AF0600E5C0D2 /* Sources */,
				4A91D1CB1EE5AF0600E5C0D2 /* Frameworks */,
				4A91D1CC1EE5AF0600E5C0D2 /* Resources */,
			);
			buildRules = (
			);
			dependencies = (
			);
			name = MoBike;
			productName = MoBike;
			productReference = 4A91D1CE1EE5AF0600E5C0D2 /* MoBike.app */;
			productType = "com.apple.product-type.application";
		};
/* End PBXNativeTarget section */

/* Begin PBXProject section */
		4A91D1C61EE5AF0600E5C0D2 /* Project object */ = {
			isa = PBXProject;
			attributes = {
				LastSwiftUpdateCheck = 0830;
				LastUpgradeCheck = 0830;
				ORGANIZATIONNAME = appconcept;
				TargetAttributes = {
					4A91D1CD1EE5AF0600E5C0D2 = {
						CreatedOnToolsVersion = 8.3.2;
						DevelopmentTeam = 46SPJZ9KQP;
						ProvisioningStyle = Automatic;
						SystemCapabilities = {
							com.apple.Maps.iOS = {
								enabled = 1;
							};
						};
					};
				};
			};
			buildConfigurationList = 4A91D1C91EE5AF0600E5C0D2 /* Build configuration list for PBXProject "MoBike" */;
			compatibilityVersion = "Xcode 3.2";
			developmentRegion = English;
			hasScannedForEncodings = 0;
			knownRegions = (
				en,
				Base,
			);
			mainGroup = 4A91D1C51EE5AF0600E5C0D2;
			productRefGroup = 4A91D1CF1EE5AF0600E5C0D2 /* Products */;
			projectDirPath = "";
			projectRoot = "";
			targets = (
				4A91D1CD1EE5AF0600E5C0D2 /* MoBike */,
			);
		};
/* End PBXProject section */

/* Begin PBXResourcesBuildPhase section */
		4A91D1CC1EE5AF0600E5C0D2 /* Resources */ = {
			isa = PBXResourcesBuildPhase;
			buildActionMask = 2147483647;
			files = (
				4A91D1DC1EE5AF0600E5C0D2 /* LaunchScreen.storyboard in Resources */,
				4A91D1D91EE5AF0600E5C0D2 /* Assets.xcassets in Resources */,
				4A91D1D71EE5AF0600E5C0D2 /* Main.storyboard in Resources */,
			);
			runOnlyForDeploymentPostprocessing = 0;
		};
/* End PBXResourcesBuildPhase section */

/* Begin PBXSourcesBuildPhase section */
		4A91D1CA1EE5AF0600E5C0D2 /* Sources */ = {
			isa = PBXSourcesBuildPhase;
			buildActionMask = 2147483647;
			files = (
				4A91D1D41EE5AF0600E5C0D2 /* HomeViewController.swift in Sources */,
				4A91D1E71EE5B44C00E5C0D2 /* WebViewController.swift in Sources */,
				4A91D1D21EE5AF0600E5C0D2 /* AppDelegate.swift in Sources */,
			);
			runOnlyForDeploymentPostprocessing = 0;
		};
/* End PBXSourcesBuildPhase section */

/* Begin PBXVariantGroup section */
		4A91D1D51EE5AF0600E5C0D2 /* Main.storyboard */ = {
			isa = PBXVariantGroup;
			children = (
				4A91D1D61EE5AF0600E5C0D2 /* Base */,
			);
			name = Main.storyboard;
			sourceTree = "<group>";
		};
		4A91D1DA1EE5AF0600E5C0D2 /* LaunchScreen.storyboard */ = {
			isa = PBXVariantGroup;
			children = (
				4A91D1DB1EE5AF0600E5C0D2 /* Base */,
			);
			name = LaunchScreen.storyboard;
			sourceTree = "<group>";
		};
/* End PBXVariantGroup section */

/* Begin XCBuildConfiguration section */
		4A91D1DE1EE5AF0600E5C0D2 /* Debug */ = {
			isa = XCBuildConfiguration;
			buildSettings = {
				ALWAYS_SEARCH_USER_PATHS = NO;
				CLANG_ANALYZER_NONNULL = YES;
				CLANG_ANALYZER_NUMBER_OBJECT_CONVERSION = YES_AGGRESSIVE;
				CLANG_CXX_LANGUAGE_STANDARD = "gnu++0x";
				CLANG_CXX_LIBRARY = "libc++";
				CLANG_ENABLE_MODULES = YES;
				CLANG_ENABLE_OBJC_ARC = YES;
				CLANG_WARN_BOOL_CONVERSION = YES;
				CLANG_WARN_CONSTANT_CONVERSION = YES;
				CLANG_WARN_DIRECT_OBJC_ISA_USAGE = YES_ERROR;
				CLANG_WARN_DOCUMENTATION_COMMENTS = YES;
				CLANG_WARN_EMPTY_BODY = YES;
				CLANG_WARN_ENUM_CONVERSION = YES;
				CLANG_WARN_INFINITE_RECURSION = YES;
				CLANG_WARN_INT_CONVERSION = YES;
				CLANG_WARN_OBJC_ROOT_CLASS = YES_ERROR;
				CLANG_WARN_SUSPICIOUS_MOVE = YES;
				CLANG_WARN_UNREACHABLE_CODE = YES;
				CLANG_WARN__DUPLICATE_METHOD_MATCH = YES;
				"CODE_SIGN_IDENTITY[sdk=iphoneos*]" = "iPhone Developer";
				COPY_PHASE_STRIP = NO;
				DEBUG_INFORMATION_FORMAT = dwarf;
				ENABLE_STRICT_OBJC_MSGSEND = YES;
				ENABLE_TESTABILITY = YES;
				GCC_C_LANGUAGE_STANDARD = gnu99;
				GCC_DYNAMIC_NO_PIC = NO;
				GCC_NO_COMMON_BLOCKS = YES;
				GCC_OPTIMIZATION_LEVEL = 0;
				GCC_PREPROCESSOR_DEFINITIONS = (
					"DEBUG=1",
					"$(inherited)",
				);
				GCC_WARN_64_TO_32_BIT_CONVERSION = YES;
				GCC_WARN_ABOUT_RETURN_TYPE = YES_ERROR;
				GCC_WARN_UNDECLARED_SELECTOR = YES;
				GCC_WARN_UNINITIALIZED_AUTOS = YES_AGGRESSIVE;
				GCC_WARN_UNUSED_FUNCTION = YES;
				GCC_WARN_UNUSED_VARIABLE = YES;
				IPHONEOS_DEPLOYMENT_TARGET = 10.3;
				MTL_ENABLE_DEBUG_INFO = YES;
				ONLY_ACTIVE_ARCH = YES;
				SDKROOT = iphoneos;
				SWIFT_ACTIVE_COMPILATION_CONDITIONS = DEBUG;
				SWIFT_OPTIMIZATION_LEVEL = "-Onone";
			};
			name = Debug;
		};
		4A91D1DF1EE5AF0600E5C0D2 /* Release */ = {
			isa = XCBuildConfiguration;
			buildSettings = {
				ALWAYS_SEARCH_USER_PATHS = NO;
				CLANG_ANALYZER_NONNULL = YES;
				CLANG_ANALYZER_NUMBER_OBJECT_CONVERSION = YES_AGGRESSIVE;
				CLANG_CXX_LANGUAGE_STANDARD = "gnu++0x";
				CLANG_CXX_LIBRARY = "libc++";
				CLANG_ENABLE_MODULES = YES;
				CLANG_ENABLE_OBJC_ARC = YES;
				CLANG_WARN_BOOL_CONVERSION = YES;
				CLANG_WARN_CONSTANT_CONVERSION = YES;
				CLANG_WARN_DIRECT_OBJC_ISA_USAGE = YES_ERROR;
				CLANG_WARN_DOCUMENTATION_COMMENTS = YES;
				CLANG_WARN_EMPTY_BODY = YES;
				CLANG_WARN_ENUM_CONVERSION = YES;
				CLANG_WARN_INFINITE_RECURSION = YES;
				CLANG_WARN_INT_CONVERSION = YES;
				CLANG_WARN_OBJC_ROOT_CLASS = YES_ERROR;
				CLANG_WARN_SUSPICIOUS_MOVE = YES;
				CLANG_WARN_UNREACHABLE_CODE = YES;
				CLANG_WARN__DUPLICATE_METHOD_MATCH = YES;
				"CODE_SIGN_IDENTITY[sdk=iphoneos*]" = "iPhone Developer";
				COPY_PHASE_STRIP = NO;
				DEBUG_INFORMATION_FORMAT = "dwarf-with-dsym";
				ENABLE_NS_ASSERTIONS = NO;
				ENABLE_STRICT_OBJC_MSGSEND = YES;
				GCC_C_LANGUAGE_STANDARD = gnu99;
				GCC_NO_COMMON_BLOCKS = YES;
				GCC_WARN_64_TO_32_BIT_CONVERSION = YES;
				GCC_WARN_ABOUT_RETURN_TYPE = YES_ERROR;
				GCC_WARN_UNDECLARED_SELECTOR = YES;
				GCC_WARN_UNINITIALIZED_AUTOS = YES_AGGRESSIVE;
				GCC_WARN_UNUSED_FUNCTION = YES;
				GCC_WARN_UNUSED_VARIABLE = YES;
				IPHONEOS_DEPLOYMENT_TARGET = 10.3;
				MTL_ENABLE_DEBUG_INFO = NO;
				SDKROOT = iphoneos;
				SWIFT_OPTIMIZATION_LEVEL = "-Owholemodule";
				VALIDATE_PRODUCT = YES;
			};
			name = Release;
		};
		4A91D1E11EE5AF0600E5C0D2 /* Debug */ = {
			isa = XCBuildConfiguration;
			buildSettings = {
				ASSETCATALOG_COMPILER_APPICON_NAME = AppIcon;
				DEVELOPMENT_TEAM = 46SPJZ9KQP;
				INFOPLIST_FILE = MoBike/Info.plist;
				LD_RUNPATH_SEARCH_PATHS = "$(inherited) @executable_path/Frameworks";
				PRODUCT_BUNDLE_IDENTIFIER = com.appconcept.MoBike;
				PRODUCT_NAME = "$(TARGET_NAME)";
				SWIFT_VERSION = 3.0;
			};
			name = Debug;
		};
		4A91D1E21EE5AF0600E5C0D2 /* Release */ = {
			isa = XCBuildConfiguration;
			buildSettings = {
				ASSETCATALOG_COMPILER_APPICON_NAME = AppIcon;
				DEVELOPMENT_TEAM = 46SPJZ9KQP;
				INFOPLIST_FILE = MoBike/Info.plist;
				LD_RUNPATH_SEARCH_PATHS = "$(inherited) @executable_path/Frameworks";
				PRODUCT_BUNDLE_IDENTIFIER = com.appconcept.MoBike;
				PRODUCT_NAME = "$(TARGET_NAME)";
				SWIFT_VERSION = 3.0;
			};
			name = Release;
		};
/* End XCBuildConfiguration section */

/* Begin XCConfigurationList section */
		4A91D1C91EE5AF0600E5C0D2 /* Build configuration list for PBXProject "MoBike" */ = {
			isa = XCConfigurationList;
			buildConfigurations = (
				4A91D1DE1EE5AF0600E5C0D2 /* Debug */,
				4A91D1DF1EE5AF0600E5C0D2 /* Release */,
			);
			defaultConfigurationIsVisible = 0;
			defaultConfigurationName = Release;
		};
		4A91D1E01EE5AF0600E5C0D2 /* Build configuration list for PBXNativeTarget "MoBike" */ = {
			isa = XCConfigurationList;
			buildConfigurations = (
				4A91D1E11EE5AF0600E5C0D2 /* Debug */,
				4A91D1E21EE5AF0600E5C0D2 /* Release */,
			);
			defaultConfigurationIsVisible = 0;
		};
/* End XCConfigurationList section */
	};
	rootObject = 4A91D1C61EE5AF0600E5C0D2 /* Project object */;
}
